
Microsoft Visual Studio Solution File, Format Version 12.00
# Visual Studio Version 17
VisualStudioVersion = 17.13.35806.99 d17.13
MinimumVisualStudioVersion = 10.0.40219.1
Project("{FAE04EC0-301F-11D3-BF4B-00C04F79EFBC}") = "Frogs", "Tasks\Frogs.csproj", "{A320BD6E-B833-4060-886E-5BB91A3BC5F7}"
EndProject
Project("{FAE04EC0-301F-11D3-BF4B-00C04F79EFBC}") = "Calculator", "Calculator\Calculator.csproj", "{29525385-260A-43C2-9D67-9902EC92D017}"
EndProject
Global
	GlobalSection(SolutionConfigurationPlatforms) = preSolution
		Debug|Any CPU = Debug|Any CPU
		Release|Any CPU = Release|Any CPU
	EndGlobalSection
	GlobalSection(ProjectConfigurationPlatforms) = postSolution
		{A320BD6E-B833-4060-886E-5BB91A3BC5F7}.Debug|Any CPU.ActiveCfg = Debug|Any CPU
		{A320BD6E-B833-4060-886E-5BB91A3BC5F7}.Debug|Any CPU.Build.0 = Debug|Any CPU
		{A320BD6E-B833-4060-886E-5BB91A3BC5F7}.Release|Any CPU.ActiveCfg = Release|Any CPU
		{A320BD6E-B833-4060-886E-5BB91A3BC5F7}.Release|Any CPU.Build.0 = Release|Any CPU
		{29525385-260A-43C2-9D67-9902EC92D017}.Debug|Any CPU.ActiveCfg = Debug|Any CPU
		{29525385-260A-43C2-9D67-9902EC92D017}.Debug|Any CPU.Build.0 = Debug|Any CPU
		{29525385-260A-43C2-9D67-9902EC92D017}.Release|Any CPU.ActiveCfg = Release|Any CPU
		{29525385-260A-43C2-9D67-9902EC92D017}.Release|Any CPU.Build.0 = Release|Any CPU
	EndGlobalSection
	GlobalSection(SolutionProperties) = preSolution
		HideSolutionNode = FALSE
	EndGlobalSection
	GlobalSection(ExtensibilityGlobals) = postSolution
		SolutionGuid = {ED7B2C98-EB49-4AE8-813D-6ABD4720A589}
	EndGlobalSection
EndGlobal
